
Microsoft Visual Studio Solution File, Format Version 12.00
# Visual Studio Version 17
VisualStudioVersion = 17.0.31903.59
MinimumVisualStudioVersion = 10.0.40219.1
Project("{2150E333-8FDC-42A3-9474-1A3956D46DE8}") = "src", "src", "{827E0CD3-B72D-47B6-A68D-7590B98EB39B}"
EndProject
Project("{FAE04EC0-301F-11D3-BF4B-00C04F79EFBC}") = "CryptoGPT.Domain", "src\CryptoGPT.Domain\CryptoGPT.Domain.csproj", "{426FE829-799A-4288-AD32-088BED8E5422}"
EndProject
Project("{FAE04EC0-301F-11D3-BF4B-00C04F79EFBC}") = "CryptoGPT.Application", "src\CryptoGPT.Application\CryptoGPT.Application.csproj", "{334FE6F0-0642-4A51-93A3-50B49E073A94}"
EndProject
Project("{FAE04EC0-301F-11D3-BF4B-00C04F79EFBC}") = "CryptoGPT.Infrastructure", "src\CryptoGPT.Infrastructure\CryptoGPT.Infrastructure.csproj", "{9C6FC805-FB97-4C42-875F-8DBFB73FDF14}"
EndProject
Project("{FAE04EC0-301F-11D3-BF4B-00C04F79EFBC}") = "CryptoGPT.API", "src\CryptoGPT.API\CryptoGPT.API.csproj", "{42256681-D9E1-49CB-9316-C0D28C2536DE}"
EndProject
Project("{FAE04EC0-301F-11D3-BF4B-00C04F79EFBC}") = "CryptoGPT.Domain.Tests", "tests\CryptoGPT.Domain.Tests\CryptoGPT.Domain.Tests.csproj", "{87D3A4D9-8E58-41EE-B00D-81F4DCD4C9AE}"
EndProject
Project("{FAE04EC0-301F-11D3-BF4B-00C04F79EFBC}") = "CryptoGPT.Application.Tests", "tests\CryptoGPT.Application.Tests\CryptoGPT.Application.Tests.csproj", "{ACEC47A4-F832-4091-BD5A-983DA56A1E7B}"
EndProject
Project("{FAE04EC0-301F-11D3-BF4B-00C04F79EFBC}") = "CryptoGPT.Infrastructure.Tests", "tests\CryptoGPT.Infrastructure.Tests\CryptoGPT.Infrastructure.Tests.csproj", "{0BBF49BC-E26B-4EC9-A302-9002D58906D5}"
EndProject
Project("{FAE04EC0-301F-11D3-BF4B-00C04F79EFBC}") = "CryptoGPT.API.Tests", "tests\CryptoGPT.API.Tests\CryptoGPT.API.Tests.csproj", "{F6A01C5C-7627-41A5-AD32-A24E5901D409}"
EndProject
Global
	GlobalSection(SolutionConfigurationPlatforms) = preSolution
		Debug|Any CPU = Debug|Any CPU
		Debug|x64 = Debug|x64
		Debug|x86 = Debug|x86
		Release|Any CPU = Release|Any CPU
		Release|x64 = Release|x64
		Release|x86 = Release|x86
	EndGlobalSection
	GlobalSection(ProjectConfigurationPlatforms) = postSolution
		{426FE829-799A-4288-AD32-088BED8E5422}.Debug|Any CPU.ActiveCfg = Debug|Any CPU
		{426FE829-799A-4288-AD32-088BED8E5422}.Debug|Any CPU.Build.0 = Debug|Any CPU
		{426FE829-799A-4288-AD32-088BED8E5422}.Debug|x64.ActiveCfg = Debug|Any CPU
		{426FE829-799A-4288-AD32-088BED8E5422}.Debug|x64.Build.0 = Debug|Any CPU
		{426FE829-799A-4288-AD32-088BED8E5422}.Debug|x86.ActiveCfg = Debug|Any CPU
		{426FE829-799A-4288-AD32-088BED8E5422}.Debug|x86.Build.0 = Debug|Any CPU
		{426FE829-799A-4288-AD32-088BED8E5422}.Release|Any CPU.ActiveCfg = Release|Any CPU
		{426FE829-799A-4288-AD32-088BED8E5422}.Release|Any CPU.Build.0 = Release|Any CPU
		{426FE829-799A-4288-AD32-088BED8E5422}.Release|x64.ActiveCfg = Release|Any CPU
		{426FE829-799A-4288-AD32-088BED8E5422}.Release|x64.Build.0 = Release|Any CPU
		{426FE829-799A-4288-AD32-088BED8E5422}.Release|x86.ActiveCfg = Release|Any CPU
		{426FE829-799A-4288-AD32-088BED8E5422}.Release|x86.Build.0 = Release|Any CPU
		{334FE6F0-0642-4A51-93A3-50B49E073A94}.Debug|Any CPU.ActiveCfg = Debug|Any CPU
		{334FE6F0-0642-4A51-93A3-50B49E073A94}.Debug|Any CPU.Build.0 = Debug|Any CPU
		{334FE6F0-0642-4A51-93A3-50B49E073A94}.Debug|x64.ActiveCfg = Debug|Any CPU
		{334FE6F0-0642-4A51-93A3-50B49E073A94}.Debug|x64.Build.0 = Debug|Any CPU
		{334FE6F0-0642-4A51-93A3-50B49E073A94}.Debug|x86.ActiveCfg = Debug|Any CPU
		{334FE6F0-0642-4A51-93A3-50B49E073A94}.Debug|x86.Build.0 = Debug|Any CPU
		{334FE6F0-0642-4A51-93A3-50B49E073A94}.Release|Any CPU.ActiveCfg = Release|Any CPU
		{334FE6F0-0642-4A51-93A3-50B49E073A94}.Release|Any CPU.Build.0 = Release|Any CPU
		{334FE6F0-0642-4A51-93A3-50B49E073A94}.Release|x64.ActiveCfg = Release|Any CPU
		{334FE6F0-0642-4A51-93A3-50B49E073A94}.Release|x64.Build.0 = Release|Any CPU
		{334FE6F0-0642-4A51-93A3-50B49E073A94}.Release|x86.ActiveCfg = Release|Any CPU
		{334FE6F0-0642-4A51-93A3-50B49E073A94}.Release|x86.Build.0 = Release|Any CPU
		{9C6FC805-FB97-4C42-875F-8DBFB73FDF14}.Debug|Any CPU.ActiveCfg = Debug|Any CPU
		{9C6FC805-FB97-4C42-875F-8DBFB73FDF14}.Debug|Any CPU.Build.0 = Debug|Any CPU
		{9C6FC805-FB97-4C42-875F-8DBFB73FDF14}.Debug|x64.ActiveCfg = Debug|Any CPU
		{9C6FC805-FB97-4C42-875F-8DBFB73FDF14}.Debug|x64.Build.0 = Debug|Any CPU
		{9C6FC805-FB97-4C42-875F-8DBFB73FDF14}.Debug|x86.ActiveCfg = Debug|Any CPU
		{9C6FC805-FB97-4C42-875F-8DBFB73FDF14}.Debug|x86.Build.0 = Debug|Any CPU
		{9C6FC805-FB97-4C42-875F-8DBFB73FDF14}.Release|Any CPU.ActiveCfg = Release|Any CPU
		{9C6FC805-FB97-4C42-875F-8DBFB73FDF14}.Release|Any CPU.Build.0 = Release|Any CPU
		{9C6FC805-FB97-4C42-875F-8DBFB73FDF14}.Release|x64.ActiveCfg = Release|Any CPU
		{9C6FC805-FB97-4C42-875F-8DBFB73FDF14}.Release|x64.Build.0 = Release|Any CPU
		{9C6FC805-FB97-4C42-875F-8DBFB73FDF14}.Release|x86.ActiveCfg = Release|Any CPU
		{9C6FC805-FB97-4C42-875F-8DBFB73FDF14}.Release|x86.Build.0 = Release|Any CPU
		{42256681-D9E1-49CB-9316-C0D28C2536DE}.Debug|Any CPU.ActiveCfg = Debug|Any CPU
		{42256681-D9E1-49CB-9316-C0D28C2536DE}.Debug|Any CPU.Build.0 = Debug|Any CPU
		{42256681-D9E1-49CB-9316-C0D28C2536DE}.Debug|x64.ActiveCfg = Debug|Any CPU
		{42256681-D9E1-49CB-9316-C0D28C2536DE}.Debug|x64.Build.0 = Debug|Any CPU
		{42256681-D9E1-49CB-9316-C0D28C2536DE}.Debug|x86.ActiveCfg = Debug|Any CPU
		{42256681-D9E1-49CB-9316-C0D28C2536DE}.Debug|x86.Build.0 = Debug|Any CPU
		{42256681-D9E1-49CB-9316-C0D28C2536DE}.Release|Any CPU.ActiveCfg = Release|Any CPU
		{42256681-D9E1-49CB-9316-C0D28C2536DE}.Release|Any CPU.Build.0 = Release|Any CPU
		{42256681-D9E1-49CB-9316-C0D28C2536DE}.Release|x64.ActiveCfg = Release|Any CPU
		{42256681-D9E1-49CB-9316-C0D28C2536DE}.Release|x64.Build.0 = Release|Any CPU
		{42256681-D9E1-49CB-9316-C0D28C2536DE}.Release|x86.ActiveCfg = Release|Any CPU
		{42256681-D9E1-49CB-9316-C0D28C2536DE}.Release|x86.Build.0 = Release|Any CPU
		{87D3A4D9-8E58-41EE-B00D-81F4DCD4C9AE}.Debug|Any CPU.ActiveCfg = Debug|Any CPU
		{87D3A4D9-8E58-41EE-B00D-81F4DCD4C9AE}.Debug|Any CPU.Build.0 = Debug|Any CPU
		{87D3A4D9-8E58-41EE-B00D-81F4DCD4C9AE}.Debug|x64.ActiveCfg = Debug|Any CPU
		{87D3A4D9-8E58-41EE-B00D-81F4DCD4C9AE}.Debug|x64.Build.0 = Debug|Any CPU
		{87D3A4D9-8E58-41EE-B00D-81F4DCD4C9AE}.Debug|x86.ActiveCfg = Debug|Any CPU
		{87D3A4D9-8E58-41EE-B00D-81F4DCD4C9AE}.Debug|x86.Build.0 = Debug|Any CPU
		{87D3A4D9-8E58-41EE-B00D-81F4DCD4C9AE}.Release|Any CPU.ActiveCfg = Release|Any CPU
		{87D3A4D9-8E58-41EE-B00D-81F4DCD4C9AE}.Release|Any CPU.Build.0 = Release|Any CPU
		{87D3A4D9-8E58-41EE-B00D-81F4DCD4C9AE}.Release|x64.ActiveCfg = Release|Any CPU
		{87D3A4D9-8E58-41EE-B00D-81F4DCD4C9AE}.Release|x64.Build.0 = Release|Any CPU
		{87D3A4D9-8E58-41EE-B00D-81F4DCD4C9AE}.Release|x86.ActiveCfg = Release|Any CPU
		{87D3A4D9-8E58-41EE-B00D-81F4DCD4C9AE}.Release|x86.Build.0 = Release|Any CPU
		{ACEC47A4-F832-4091-BD5A-983DA56A1E7B}.Debug|Any CPU.ActiveCfg = Debug|Any CPU
		{ACEC47A4-F832-4091-BD5A-983DA56A1E7B}.Debug|Any CPU.Build.0 = Debug|Any CPU
		{ACEC47A4-F832-4091-BD5A-983DA56A1E7B}.Debug|x64.ActiveCfg = Debug|Any CPU
		{ACEC47A4-F832-4091-BD5A-983DA56A1E7B}.Debug|x64.Build.0 = Debug|Any CPU
		{ACEC47A4-F832-4091-BD5A-983DA56A1E7B}.Debug|x86.ActiveCfg = Debug|Any CPU
		{ACEC47A4-F832-4091-BD5A-983DA56A1E7B}.Debug|x86.Build.0 = Debug|Any CPU
		{ACEC47A4-F832-4091-BD5A-983DA56A1E7B}.Release|Any CPU.ActiveCfg = Release|Any CPU
		{ACEC47A4-F832-4091-BD5A-983DA56A1E7B}.Release|Any CPU.Build.0 = Release|Any CPU
		{ACEC47A4-F832-4091-BD5A-983DA56A1E7B}.Release|x64.ActiveCfg = Release|Any CPU
		{ACEC47A4-F832-4091-BD5A-983DA56A1E7B}.Release|x64.Build.0 = Release|Any CPU
		{ACEC47A4-F832-4091-BD5A-983DA56A1E7B}.Release|x86.ActiveCfg = Release|Any CPU
		{ACEC47A4-F832-4091-BD5A-983DA56A1E7B}.Release|x86.Build.0 = Release|Any CPU
		{0BBF49BC-E26B-4EC9-A302-9002D58906D5}.Debug|Any CPU.ActiveCfg = Debug|Any CPU
		{0BBF49BC-E26B-4EC9-A302-9002D58906D5}.Debug|Any CPU.Build.0 = Debug|Any CPU
		{0BBF49BC-E26B-4EC9-A302-9002D58906D5}.Debug|x64.ActiveCfg = Debug|Any CPU
		{0BBF49BC-E26B-4EC9-A302-9002D58906D5}.Debug|x64.Build.0 = Debug|Any CPU
		{0BBF49BC-E26B-4EC9-A302-9002D58906D5}.Debug|x86.ActiveCfg = Debug|Any CPU
		{0BBF49BC-E26B-4EC9-A302-9002D58906D5}.Debug|x86.Build.0 = Debug|Any CPU
		{0BBF49BC-E26B-4EC9-A302-9002D58906D5}.Release|Any CPU.ActiveCfg = Release|Any CPU
		{0BBF49BC-E26B-4EC9-A302-9002D58906D5}.Release|Any CPU.Build.0 = Release|Any CPU
		{0BBF49BC-E26B-4EC9-A302-9002D58906D5}.Release|x64.ActiveCfg = Release|Any CPU
		{0BBF49BC-E26B-4EC9-A302-9002D58906D5}.Release|x64.Build.0 = Release|Any CPU
		{0BBF49BC-E26B-4EC9-A302-9002D58906D5}.Release|x86.ActiveCfg = Release|Any CPU
		{0BBF49BC-E26B-4EC9-A302-9002D58906D5}.Release|x86.Build.0 = Release|Any CPU
		{F6A01C5C-7627-41A5-AD32-A24E5901D409}.Debug|Any CPU.ActiveCfg = Debug|Any CPU
		{F6A01C5C-7627-41A5-AD32-A24E5901D409}.Debug|Any CPU.Build.0 = Debug|Any CPU
		{F6A01C5C-7627-41A5-AD32-A24E5901D409}.Debug|x64.ActiveCfg = Debug|Any CPU
		{F6A01C5C-7627-41A5-AD32-A24E5901D409}.Debug|x64.Build.0 = Debug|Any CPU
		{F6A01C5C-7627-41A5-AD32-A24E5901D409}.Debug|x86.ActiveCfg = Debug|Any CPU
		{F6A01C5C-7627-41A5-AD32-A24E5901D409}.Debug|x86.Build.0 = Debug|Any CPU
		{F6A01C5C-7627-41A5-AD32-A24E5901D409}.Release|Any CPU.ActiveCfg = Release|Any CPU
		{F6A01C5C-7627-41A5-AD32-A24E5901D409}.Release|Any CPU.Build.0 = Release|Any CPU
		{F6A01C5C-7627-41A5-AD32-A24E5901D409}.Release|x64.ActiveCfg = Release|Any CPU
		{F6A01C5C-7627-41A5-AD32-A24E5901D409}.Release|x64.Build.0 = Release|Any CPU
		{F6A01C5C-7627-41A5-AD32-A24E5901D409}.Release|x86.ActiveCfg = Release|Any CPU
		{F6A01C5C-7627-41A5-AD32-A24E5901D409}.Release|x86.Build.0 = Release|Any CPU
	EndGlobalSection
	GlobalSection(SolutionProperties) = preSolution
		HideSolutionNode = FALSE
	EndGlobalSection
	GlobalSection(NestedProjects) = preSolution
		{426FE829-799A-4288-AD32-088BED8E5422} = {827E0CD3-B72D-47B6-A68D-7590B98EB39B}
		{334FE6F0-0642-4A51-93A3-50B49E073A94} = {827E0CD3-B72D-47B6-A68D-7590B98EB39B}
		{9C6FC805-FB97-4C42-875F-8DBFB73FDF14} = {827E0CD3-B72D-47B6-A68D-7590B98EB39B}
		{42256681-D9E1-49CB-9316-C0D28C2536DE} = {827E0CD3-B72D-47B6-A68D-7590B98EB39B}
		{87D3A4D9-8E58-41EE-B00D-81F4DCD4C9AE} = {827E0CD3-B72D-47B6-A68D-7590B98EB39B}
		{ACEC47A4-F832-4091-BD5A-983DA56A1E7B} = {827E0CD3-B72D-47B6-A68D-7590B98EB39B}
		{0BBF49BC-E26B-4EC9-A302-9002D58906D5} = {827E0CD3-B72D-47B6-A68D-7590B98EB39B}
		{F6A01C5C-7627-41A5-AD32-A24E5901D409} = {827E0CD3-B72D-47B6-A68D-7590B98EB39B}
	EndGlobalSection
	GlobalSection(ExtensibilityGlobals) = postSolution
		SolutionGuid = {CC991AC2-EF11-4098-B248-917CBC3B5D90}
	EndGlobalSection
EndGlobal
